
Microsoft Visual Studio Solution File, Format Version 12.00
# Visual Studio 15
VisualStudioVersion = 15.0.26730.12
MinimumVisualStudioVersion = 10.0.40219.1
Project("{8BC9CEB8-8B4A-11D0-8D11-00A0C91BC942}") = "BoI_Lab01_15_Eulers_totient_function", "BoI_Lab01_15_Eulers_totient_function\BoI_Lab01_15_Eulers_totient_function.vcxproj", "{CF6940B1-7692-462D-B28E-A440D79D3F5B}"
EndProject
Global
	GlobalSection(SolutionConfigurationPlatforms) = preSolution
		Debug|x64 = Debug|x64
		Debug|x86 = Debug|x86
		Release|x64 = Release|x64
		Release|x86 = Release|x86
	EndGlobalSection
	GlobalSection(ProjectConfigurationPlatforms) = postSolution
		{CF6940B1-7692-462D-B28E-A440D79D3F5B}.Debug|x64.ActiveCfg = Debug|Win32
		{CF6940B1-7692-462D-B28E-A440D79D3F5B}.Debug|x64.Build.0 = Debug|Win32
		{CF6940B1-7692-462D-B28E-A440D79D3F5B}.Debug|x86.ActiveCfg = Debug|Win32
		{CF6940B1-7692-462D-B28E-A440D79D3F5B}.Debug|x86.Build.0 = Debug|Win32
		{CF6940B1-7692-462D-B28E-A440D79D3F5B}.Release|x64.ActiveCfg = Release|x64
		{CF6940B1-7692-462D-B28E-A440D79D3F5B}.Release|x64.Build.0 = Release|x64
		{CF6940B1-7692-462D-B28E-A440D79D3F5B}.Release|x86.ActiveCfg = Release|Win32
		{CF6940B1-7692-462D-B28E-A440D79D3F5B}.Release|x86.Build.0 = Release|Win32
	EndGlobalSection
	GlobalSection(SolutionProperties) = preSolution
		HideSolutionNode = FALSE
	EndGlobalSection
	GlobalSection(ExtensibilityGlobals) = postSolution
		SolutionGuid = {59BB5D19-077C-4EFB-A6C3-3215416745EC}
	EndGlobalSection
EndGlobal
